
Microsoft Visual Studio Solution File, Format Version 12.00
# Visual Studio 15
VisualStudioVersion = 15.0.26430.15
MinimumVisualStudioVersion = 10.0.40219.1
Project("{FAE04EC0-301F-11D3-BF4B-00C04F79EFBC}") = "Set", "Set\Set.csproj", "{C6A1FEE3-E8BD-457B-AF8B-CA80DCD8F65E}"
EndProject
Project("{FAE04EC0-301F-11D3-BF4B-00C04F79EFBC}") = "FibonacciYield", "FibonacciYield\FibonacciYield.csproj", "{F7E7D082-7A66-4FEF-BC0C-E1D1016AA060}"
EndProject
Project("{FAE04EC0-301F-11D3-BF4B-00C04F79EFBC}") = "Matrix", "Matrix\Matrix.csproj", "{7DBF4B75-D02E-4B17-A885-7A0F3673D937}"
EndProject
Global
	GlobalSection(SolutionConfigurationPlatforms) = preSolution
		Debug|Any CPU = Debug|Any CPU
		Release|Any CPU = Release|Any CPU
	EndGlobalSection
	GlobalSection(ProjectConfigurationPlatforms) = postSolution
		{C6A1FEE3-E8BD-457B-AF8B-CA80DCD8F65E}.Debug|Any CPU.ActiveCfg = Debug|Any CPU
		{C6A1FEE3-E8BD-457B-AF8B-CA80DCD8F65E}.Debug|Any CPU.Build.0 = Debug|Any CPU
		{C6A1FEE3-E8BD-457B-AF8B-CA80DCD8F65E}.Release|Any CPU.ActiveCfg = Release|Any CPU
		{C6A1FEE3-E8BD-457B-AF8B-CA80DCD8F65E}.Release|Any CPU.Build.0 = Release|Any CPU
		{F7E7D082-7A66-4FEF-BC0C-E1D1016AA060}.Debug|Any CPU.ActiveCfg = Debug|Any CPU
		{F7E7D082-7A66-4FEF-BC0C-E1D1016AA060}.Debug|Any CPU.Build.0 = Debug|Any CPU
		{F7E7D082-7A66-4FEF-BC0C-E1D1016AA060}.Release|Any CPU.ActiveCfg = Release|Any CPU
		{F7E7D082-7A66-4FEF-BC0C-E1D1016AA060}.Release|Any CPU.Build.0 = Release|Any CPU
		{7DBF4B75-D02E-4B17-A885-7A0F3673D937}.Debug|Any CPU.ActiveCfg = Debug|Any CPU
		{7DBF4B75-D02E-4B17-A885-7A0F3673D937}.Debug|Any CPU.Build.0 = Debug|Any CPU
		{7DBF4B75-D02E-4B17-A885-7A0F3673D937}.Release|Any CPU.ActiveCfg = Release|Any CPU
		{7DBF4B75-D02E-4B17-A885-7A0F3673D937}.Release|Any CPU.Build.0 = Release|Any CPU
	EndGlobalSection
	GlobalSection(SolutionProperties) = preSolution
		HideSolutionNode = FALSE
	EndGlobalSection
EndGlobal
